
Microsoft Visual Studio Solution File, Format Version 12.00
# Visual Studio 15
VisualStudioVersion = 15.0.27428.2043
MinimumVisualStudioVersion = 10.0.40219.1
Project("{FAE04EC0-301F-11D3-BF4B-00C04F79EFBC}") = "Kapta.Android", "Kapta\Kapta.Android\Kapta.Android.csproj", "{4B84F4D8-3A38-4967-9CF2-51EDB1557560}"
EndProject
Project("{FAE04EC0-301F-11D3-BF4B-00C04F79EFBC}") = "Kapta.iOS", "Kapta\Kapta.iOS\Kapta.iOS.csproj", "{F29B9100-68DD-4547-A27F-E7E45AD2D37A}"
EndProject
Project("{FAE04EC0-301F-11D3-BF4B-00C04F79EFBC}") = "Kapta", "Kapta\Kapta\Kapta.csproj", "{4129F8FC-5FFB-40F3-84E0-54447AAB53B0}"
EndProject
Project("{FAE04EC0-301F-11D3-BF4B-00C04F79EFBC}") = "Kapta.Backend", "Kapta.Backend\Kapta.Backend.csproj", "{0537DBA0-AB05-4348-8E5B-9FB2F94EC024}"
EndProject
Project("{FAE04EC0-301F-11D3-BF4B-00C04F79EFBC}") = "Kapta.API", "Kapta.API\Kapta.API.csproj", "{2BC58C3C-BD19-44CF-B221-AF7AFBF4134B}"
EndProject
Project("{FAE04EC0-301F-11D3-BF4B-00C04F79EFBC}") = "Kapta.Domain", "Kapta.Domain\Kapta.Domain.csproj", "{55DA7CEA-2118-4F48-B5A4-1D5A10DE6669}"
EndProject
Project("{FAE04EC0-301F-11D3-BF4B-00C04F79EFBC}") = "Kapta.Common", "Kapta.Common\Kapta.Common.csproj", "{A733C9F3-8BBD-4009-BF73-ECAAD376C992}"
EndProject
Global
	GlobalSection(SolutionConfigurationPlatforms) = preSolution
		Ad-Hoc|Any CPU = Ad-Hoc|Any CPU
		Ad-Hoc|ARM = Ad-Hoc|ARM
		Ad-Hoc|iPhone = Ad-Hoc|iPhone
		Ad-Hoc|iPhoneSimulator = Ad-Hoc|iPhoneSimulator
		Ad-Hoc|x64 = Ad-Hoc|x64
		Ad-Hoc|x86 = Ad-Hoc|x86
		AppStore|Any CPU = AppStore|Any CPU
		AppStore|ARM = AppStore|ARM
		AppStore|iPhone = AppStore|iPhone
		AppStore|iPhoneSimulator = AppStore|iPhoneSimulator
		AppStore|x64 = AppStore|x64
		AppStore|x86 = AppStore|x86
		Debug|Any CPU = Debug|Any CPU
		Debug|ARM = Debug|ARM
		Debug|iPhone = Debug|iPhone
		Debug|iPhoneSimulator = Debug|iPhoneSimulator
		Debug|x64 = Debug|x64
		Debug|x86 = Debug|x86
		Release|Any CPU = Release|Any CPU
		Release|ARM = Release|ARM
		Release|iPhone = Release|iPhone
		Release|iPhoneSimulator = Release|iPhoneSimulator
		Release|x64 = Release|x64
		Release|x86 = Release|x86
	EndGlobalSection
	GlobalSection(ProjectConfigurationPlatforms) = postSolution
		{4B84F4D8-3A38-4967-9CF2-51EDB1557560}.Ad-Hoc|Any CPU.ActiveCfg = Release|Any CPU
		{4B84F4D8-3A38-4967-9CF2-51EDB1557560}.Ad-Hoc|Any CPU.Build.0 = Release|Any CPU
		{4B84F4D8-3A38-4967-9CF2-51EDB1557560}.Ad-Hoc|Any CPU.Deploy.0 = Release|Any CPU
		{4B84F4D8-3A38-4967-9CF2-51EDB1557560}.Ad-Hoc|ARM.ActiveCfg = Release|Any CPU
		{4B84F4D8-3A38-4967-9CF2-51EDB1557560}.Ad-Hoc|ARM.Build.0 = Release|Any CPU
		{4B84F4D8-3A38-4967-9CF2-51EDB1557560}.Ad-Hoc|ARM.Deploy.0 = Release|Any CPU
		{4B84F4D8-3A38-4967-9CF2-51EDB1557560}.Ad-Hoc|iPhone.ActiveCfg = Release|Any CPU
		{4B84F4D8-3A38-4967-9CF2-51EDB1557560}.Ad-Hoc|iPhone.Build.0 = Release|Any CPU
		{4B84F4D8-3A38-4967-9CF2-51EDB1557560}.Ad-Hoc|iPhone.Deploy.0 = Release|Any CPU
		{4B84F4D8-3A38-4967-9CF2-51EDB1557560}.Ad-Hoc|iPhoneSimulator.ActiveCfg = Release|Any CPU
		{4B84F4D8-3A38-4967-9CF2-51EDB1557560}.Ad-Hoc|iPhoneSimulator.Build.0 = Release|Any CPU
		{4B84F4D8-3A38-4967-9CF2-51EDB1557560}.Ad-Hoc|iPhoneSimulator.Deploy.0 = Release|Any CPU
		{4B84F4D8-3A38-4967-9CF2-51EDB1557560}.Ad-Hoc|x64.ActiveCfg = Release|Any CPU
		{4B84F4D8-3A38-4967-9CF2-51EDB1557560}.Ad-Hoc|x64.Build.0 = Release|Any CPU
		{4B84F4D8-3A38-4967-9CF2-51EDB1557560}.Ad-Hoc|x64.Deploy.0 = Release|Any CPU
		{4B84F4D8-3A38-4967-9CF2-51EDB1557560}.Ad-Hoc|x86.ActiveCfg = Release|Any CPU
		{4B84F4D8-3A38-4967-9CF2-51EDB1557560}.Ad-Hoc|x86.Build.0 = Release|Any CPU
		{4B84F4D8-3A38-4967-9CF2-51EDB1557560}.Ad-Hoc|x86.Deploy.0 = Release|Any CPU
		{4B84F4D8-3A38-4967-9CF2-51EDB1557560}.AppStore|Any CPU.ActiveCfg = Release|Any CPU
		{4B84F4D8-3A38-4967-9CF2-51EDB1557560}.AppStore|Any CPU.Build.0 = Release|Any CPU
		{4B84F4D8-3A38-4967-9CF2-51EDB1557560}.AppStore|Any CPU.Deploy.0 = Release|Any CPU
		{4B84F4D8-3A38-4967-9CF2-51EDB1557560}.AppStore|ARM.ActiveCfg = Release|Any CPU
		{4B84F4D8-3A38-4967-9CF2-51EDB1557560}.AppStore|ARM.Build.0 = Release|Any CPU
		{4B84F4D8-3A38-4967-9CF2-51EDB1557560}.AppStore|ARM.Deploy.0 = Release|Any CPU
		{4B84F4D8-3A38-4967-9CF2-51EDB1557560}.AppStore|iPhone.ActiveCfg = Release|Any CPU
		{4B84F4D8-3A38-4967-9CF2-51EDB1557560}.AppStore|iPhone.Build.0 = Release|Any CPU
		{4B84F4D8-3A38-4967-9CF2-51EDB1557560}.AppStore|iPhone.Deploy.0 = Release|Any CPU
		{4B84F4D8-3A38-4967-9CF2-51EDB1557560}.AppStore|iPhoneSimulator.ActiveCfg = Release|Any CPU
		{4B84F4D8-3A38-4967-9CF2-51EDB1557560}.AppStore|iPhoneSimulator.Build.0 = Release|Any CPU
		{4B84F4D8-3A38-4967-9CF2-51EDB1557560}.AppStore|iPhoneSimulator.Deploy.0 = Release|Any CPU
		{4B84F4D8-3A38-4967-9CF2-51EDB1557560}.AppStore|x64.ActiveCfg = Release|Any CPU
		{4B84F4D8-3A38-4967-9CF2-51EDB1557560}.AppStore|x64.Build.0 = Release|Any CPU
		{4B84F4D8-3A38-4967-9CF2-51EDB1557560}.AppStore|x64.Deploy.0 = Release|Any CPU
		{4B84F4D8-3A38-4967-9CF2-51EDB1557560}.AppStore|x86.ActiveCfg = Release|Any CPU
		{4B84F4D8-3A38-4967-9CF2-51EDB1557560}.AppStore|x86.Build.0 = Release|Any CPU
		{4B84F4D8-3A38-4967-9CF2-51EDB1557560}.AppStore|x86.Deploy.0 = Release|Any CPU
		{4B84F4D8-3A38-4967-9CF2-51EDB1557560}.Debug|Any CPU.ActiveCfg = Debug|Any CPU
		{4B84F4D8-3A38-4967-9CF2-51EDB1557560}.Debug|Any CPU.Build.0 = Debug|Any CPU
		{4B84F4D8-3A38-4967-9CF2-51EDB1557560}.Debug|Any CPU.Deploy.0 = Debug|Any CPU
		{4B84F4D8-3A38-4967-9CF2-51EDB1557560}.Debug|ARM.ActiveCfg = Debug|Any CPU
		{4B84F4D8-3A38-4967-9CF2-51EDB1557560}.Debug|ARM.Build.0 = Debug|Any CPU
		{4B84F4D8-3A38-4967-9CF2-51EDB1557560}.Debug|ARM.Deploy.0 = Debug|Any CPU
		{4B84F4D8-3A38-4967-9CF2-51EDB1557560}.Debug|iPhone.ActiveCfg = Debug|Any CPU
		{4B84F4D8-3A38-4967-9CF2-51EDB1557560}.Debug|iPhone.Build.0 = Debug|Any CPU
		{4B84F4D8-3A38-4967-9CF2-51EDB1557560}.Debug|iPhone.Deploy.0 = Debug|Any CPU
		{4B84F4D8-3A38-4967-9CF2-51EDB1557560}.Debug|iPhoneSimulator.ActiveCfg = Debug|Any CPU
		{4B84F4D8-3A38-4967-9CF2-51EDB1557560}.Debug|iPhoneSimulator.Build.0 = Debug|Any CPU
		{4B84F4D8-3A38-4967-9CF2-51EDB1557560}.Debug|iPhoneSimulator.Deploy.0 = Debug|Any CPU
		{4B84F4D8-3A38-4967-9CF2-51EDB1557560}.Debug|x64.ActiveCfg = Debug|Any CPU
		{4B84F4D8-3A38-4967-9CF2-51EDB1557560}.Debug|x64.Build.0 = Debug|Any CPU
		{4B84F4D8-3A38-4967-9CF2-51EDB1557560}.Debug|x64.Deploy.0 = Debug|Any CPU
		{4B84F4D8-3A38-4967-9CF2-51EDB1557560}.Debug|x86.ActiveCfg = Debug|Any CPU
		{4B84F4D8-3A38-4967-9CF2-51EDB1557560}.Debug|x86.Build.0 = Debug|Any CPU
		{4B84F4D8-3A38-4967-9CF2-51EDB1557560}.Debug|x86.Deploy.0 = Debug|Any CPU
		{4B84F4D8-3A38-4967-9CF2-51EDB1557560}.Release|Any CPU.ActiveCfg = Release|Any CPU
		{4B84F4D8-3A38-4967-9CF2-51EDB1557560}.Release|Any CPU.Build.0 = Release|Any CPU
		{4B84F4D8-3A38-4967-9CF2-51EDB1557560}.Release|Any CPU.Deploy.0 = Release|Any CPU
		{4B84F4D8-3A38-4967-9CF2-51EDB1557560}.Release|ARM.ActiveCfg = Release|Any CPU
		{4B84F4D8-3A38-4967-9CF2-51EDB1557560}.Release|ARM.Build.0 = Release|Any CPU
		{4B84F4D8-3A38-4967-9CF2-51EDB1557560}.Release|ARM.Deploy.0 = Release|Any CPU
		{4B84F4D8-3A38-4967-9CF2-51EDB1557560}.Release|iPhone.ActiveCfg = Release|Any CPU
		{4B84F4D8-3A38-4967-9CF2-51EDB1557560}.Release|iPhone.Build.0 = Release|Any CPU
		{4B84F4D8-3A38-4967-9CF2-51EDB1557560}.Release|iPhone.Deploy.0 = Release|Any CPU
		{4B84F4D8-3A38-4967-9CF2-51EDB1557560}.Release|iPhoneSimulator.ActiveCfg = Release|Any CPU
		{4B84F4D8-3A38-4967-9CF2-51EDB1557560}.Release|iPhoneSimulator.Build.0 = Release|Any CPU
		{4B84F4D8-3A38-4967-9CF2-51EDB1557560}.Release|iPhoneSimulator.Deploy.0 = Release|Any CPU
		{4B84F4D8-3A38-4967-9CF2-51EDB1557560}.Release|x64.ActiveCfg = Release|Any CPU
		{4B84F4D8-3A38-4967-9CF2-51EDB1557560}.Release|x64.Build.0 = Release|Any CPU
		{4B84F4D8-3A38-4967-9CF2-51EDB1557560}.Release|x64.Deploy.0 = Release|Any CPU
		{4B84F4D8-3A38-4967-9CF2-51EDB1557560}.Release|x86.ActiveCfg = Release|Any CPU
		{4B84F4D8-3A38-4967-9CF2-51EDB1557560}.Release|x86.Build.0 = Release|Any CPU
		{4B84F4D8-3A38-4967-9CF2-51EDB1557560}.Release|x86.Deploy.0 = Release|Any CPU
		{F29B9100-68DD-4547-A27F-E7E45AD2D37A}.Ad-Hoc|Any CPU.ActiveCfg = Ad-Hoc|iPhone
		{F29B9100-68DD-4547-A27F-E7E45AD2D37A}.Ad-Hoc|ARM.ActiveCfg = Ad-Hoc|iPhone
		{F29B9100-68DD-4547-A27F-E7E45AD2D37A}.Ad-Hoc|iPhone.ActiveCfg = Ad-Hoc|iPhone
		{F29B9100-68DD-4547-A27F-E7E45AD2D37A}.Ad-Hoc|iPhone.Build.0 = Ad-Hoc|iPhone
		{F29B9100-68DD-4547-A27F-E7E45AD2D37A}.Ad-Hoc|iPhoneSimulator.ActiveCfg = Ad-Hoc|iPhoneSimulator
		{F29B9100-68DD-4547-A27F-E7E45AD2D37A}.Ad-Hoc|iPhoneSimulator.Build.0 = Ad-Hoc|iPhoneSimulator
		{F29B9100-68DD-4547-A27F-E7E45AD2D37A}.Ad-Hoc|x64.ActiveCfg = Ad-Hoc|iPhone
		{F29B9100-68DD-4547-A27F-E7E45AD2D37A}.Ad-Hoc|x86.ActiveCfg = Ad-Hoc|iPhone
		{F29B9100-68DD-4547-A27F-E7E45AD2D37A}.AppStore|Any CPU.ActiveCfg = AppStore|iPhone
		{F29B9100-68DD-4547-A27F-E7E45AD2D37A}.AppStore|ARM.ActiveCfg = AppStore|iPhone
		{F29B9100-68DD-4547-A27F-E7E45AD2D37A}.AppStore|iPhone.ActiveCfg = AppStore|iPhone
		{F29B9100-68DD-4547-A27F-E7E45AD2D37A}.AppStore|iPhone.Build.0 = AppStore|iPhone
		{F29B9100-68DD-4547-A27F-E7E45AD2D37A}.AppStore|iPhoneSimulator.ActiveCfg = AppStore|iPhoneSimulator
		{F29B9100-68DD-4547-A27F-E7E45AD2D37A}.AppStore|iPhoneSimulator.Build.0 = AppStore|iPhoneSimulator
		{F29B9100-68DD-4547-A27F-E7E45AD2D37A}.AppStore|x64.ActiveCfg = AppStore|iPhone
		{F29B9100-68DD-4547-A27F-E7E45AD2D37A}.AppStore|x86.ActiveCfg = AppStore|iPhone
		{F29B9100-68DD-4547-A27F-E7E45AD2D37A}.Debug|Any CPU.ActiveCfg = Debug|iPhone
		{F29B9100-68DD-4547-A27F-E7E45AD2D37A}.Debug|ARM.ActiveCfg = Debug|iPhone
		{F29B9100-68DD-4547-A27F-E7E45AD2D37A}.Debug|iPhone.ActiveCfg = Debug|iPhone
		{F29B9100-68DD-4547-A27F-E7E45AD2D37A}.Debug|iPhone.Build.0 = Debug|iPhone
		{F29B9100-68DD-4547-A27F-E7E45AD2D37A}.Debug|iPhoneSimulator.ActiveCfg = Debug|iPhoneSimulator
		{F29B9100-68DD-4547-A27F-E7E45AD2D37A}.Debug|iPhoneSimulator.Build.0 = Debug|iPhoneSimulator
		{F29B9100-68DD-4547-A27F-E7E45AD2D37A}.Debug|x64.ActiveCfg = Debug|iPhone
		{F29B9100-68DD-4547-A27F-E7E45AD2D37A}.Debug|x86.ActiveCfg = Debug|iPhone
		{F29B9100-68DD-4547-A27F-E7E45AD2D37A}.Release|Any CPU.ActiveCfg = Release|iPhone
		{F29B9100-68DD-4547-A27F-E7E45AD2D37A}.Release|ARM.ActiveCfg = Release|iPhone
		{F29B9100-68DD-4547-A27F-E7E45AD2D37A}.Release|iPhone.ActiveCfg = Release|iPhone
		{F29B9100-68DD-4547-A27F-E7E45AD2D37A}.Release|iPhone.Build.0 = Release|iPhone
		{F29B9100-68DD-4547-A27F-E7E45AD2D37A}.Release|iPhoneSimulator.ActiveCfg = Release|iPhoneSimulator
		{F29B9100-68DD-4547-A27F-E7E45AD2D37A}.Release|iPhoneSimulator.Build.0 = Release|iPhoneSimulator
		{F29B9100-68DD-4547-A27F-E7E45AD2D37A}.Release|x64.ActiveCfg = Release|iPhone
		{F29B9100-68DD-4547-A27F-E7E45AD2D37A}.Release|x86.ActiveCfg = Release|iPhone
		{4129F8FC-5FFB-40F3-84E0-54447AAB53B0}.Ad-Hoc|Any CPU.ActiveCfg = Debug|Any CPU
		{4129F8FC-5FFB-40F3-84E0-54447AAB53B0}.Ad-Hoc|Any CPU.Build.0 = Debug|Any CPU
		{4129F8FC-5FFB-40F3-84E0-54447AAB53B0}.Ad-Hoc|ARM.ActiveCfg = Debug|Any CPU
		{4129F8FC-5FFB-40F3-84E0-54447AAB53B0}.Ad-Hoc|ARM.Build.0 = Debug|Any CPU
		{4129F8FC-5FFB-40F3-84E0-54447AAB53B0}.Ad-Hoc|iPhone.ActiveCfg = Debug|Any CPU
		{4129F8FC-5FFB-40F3-84E0-54447AAB53B0}.Ad-Hoc|iPhone.Build.0 = Debug|Any CPU
		{4129F8FC-5FFB-40F3-84E0-54447AAB53B0}.Ad-Hoc|iPhoneSimulator.ActiveCfg = Debug|Any CPU
		{4129F8FC-5FFB-40F3-84E0-54447AAB53B0}.Ad-Hoc|iPhoneSimulator.Build.0 = Debug|Any CPU
		{4129F8FC-5FFB-40F3-84E0-54447AAB53B0}.Ad-Hoc|x64.ActiveCfg = Debug|Any CPU
		{4129F8FC-5FFB-40F3-84E0-54447AAB53B0}.Ad-Hoc|x64.Build.0 = Debug|Any CPU
		{4129F8FC-5FFB-40F3-84E0-54447AAB53B0}.Ad-Hoc|x86.ActiveCfg = Debug|Any CPU
		{4129F8FC-5FFB-40F3-84E0-54447AAB53B0}.Ad-Hoc|x86.Build.0 = Debug|Any CPU
		{4129F8FC-5FFB-40F3-84E0-54447AAB53B0}.AppStore|Any CPU.ActiveCfg = Debug|Any CPU
		{4129F8FC-5FFB-40F3-84E0-54447AAB53B0}.AppStore|Any CPU.Build.0 = Debug|Any CPU
		{4129F8FC-5FFB-40F3-84E0-54447AAB53B0}.AppStore|ARM.ActiveCfg = Debug|Any CPU
		{4129F8FC-5FFB-40F3-84E0-54447AAB53B0}.AppStore|ARM.Build.0 = Debug|Any CPU
		{4129F8FC-5FFB-40F3-84E0-54447AAB53B0}.AppStore|iPhone.ActiveCfg = Debug|Any CPU
		{4129F8FC-5FFB-40F3-84E0-54447AAB53B0}.AppStore|iPhone.Build.0 = Debug|Any CPU
		{4129F8FC-5FFB-40F3-84E0-54447AAB53B0}.AppStore|iPhoneSimulator.ActiveCfg = Debug|Any CPU
		{4129F8FC-5FFB-40F3-84E0-54447AAB53B0}.AppStore|iPhoneSimulator.Build.0 = Debug|Any CPU
		{4129F8FC-5FFB-40F3-84E0-54447AAB53B0}.AppStore|x64.ActiveCfg = Debug|Any CPU
		{4129F8FC-5FFB-40F3-84E0-54447AAB53B0}.AppStore|x64.Build.0 = Debug|Any CPU
		{4129F8FC-5FFB-40F3-84E0-54447AAB53B0}.AppStore|x86.ActiveCfg = Debug|Any CPU
		{4129F8FC-5FFB-40F3-84E0-54447AAB53B0}.AppStore|x86.Build.0 = Debug|Any CPU
		{4129F8FC-5FFB-40F3-84E0-54447AAB53B0}.Debug|Any CPU.ActiveCfg = Debug|Any CPU
		{4129F8FC-5FFB-40F3-84E0-54447AAB53B0}.Debug|Any CPU.Build.0 = Debug|Any CPU
		{4129F8FC-5FFB-40F3-84E0-54447AAB53B0}.Debug|ARM.ActiveCfg = Debug|Any CPU
		{4129F8FC-5FFB-40F3-84E0-54447AAB53B0}.Debug|ARM.Build.0 = Debug|Any CPU
		{4129F8FC-5FFB-40F3-84E0-54447AAB53B0}.Debug|iPhone.ActiveCfg = Debug|Any CPU
		{4129F8FC-5FFB-40F3-84E0-54447AAB53B0}.Debug|iPhone.Build.0 = Debug|Any CPU
		{4129F8FC-5FFB-40F3-84E0-54447AAB53B0}.Debug|iPhoneSimulator.ActiveCfg = Debug|Any CPU
		{4129F8FC-5FFB-40F3-84E0-54447AAB53B0}.Debug|iPhoneSimulator.Build.0 = Debug|Any CPU
		{4129F8FC-5FFB-40F3-84E0-54447AAB53B0}.Debug|x64.ActiveCfg = Debug|Any CPU
		{4129F8FC-5FFB-40F3-84E0-54447AAB53B0}.Debug|x64.Build.0 = Debug|Any CPU
		{4129F8FC-5FFB-40F3-84E0-54447AAB53B0}.Debug|x86.ActiveCfg = Debug|Any CPU
		{4129F8FC-5FFB-40F3-84E0-54447AAB53B0}.Debug|x86.Build.0 = Debug|Any CPU
		{4129F8FC-5FFB-40F3-84E0-54447AAB53B0}.Release|Any CPU.ActiveCfg = Release|Any CPU
		{4129F8FC-5FFB-40F3-84E0-54447AAB53B0}.Release|Any CPU.Build.0 = Release|Any CPU
		{4129F8FC-5FFB-40F3-84E0-54447AAB53B0}.Release|ARM.ActiveCfg = Release|Any CPU
		{4129F8FC-5FFB-40F3-84E0-54447AAB53B0}.Release|ARM.Build.0 = Release|Any CPU
		{4129F8FC-5FFB-40F3-84E0-54447AAB53B0}.Release|iPhone.ActiveCfg = Release|Any CPU
		{4129F8FC-5FFB-40F3-84E0-54447AAB53B0}.Release|iPhone.Build.0 = Release|Any CPU
		{4129F8FC-5FFB-40F3-84E0-54447AAB53B0}.Release|iPhoneSimulator.ActiveCfg = Release|Any CPU
		{4129F8FC-5FFB-40F3-84E0-54447AAB53B0}.Release|iPhoneSimulator.Build.0 = Release|Any CPU
		{4129F8FC-5FFB-40F3-84E0-54447AAB53B0}.Release|x64.ActiveCfg = Release|Any CPU
		{4129F8FC-5FFB-40F3-84E0-54447AAB53B0}.Release|x64.Build.0 = Release|Any CPU
		{4129F8FC-5FFB-40F3-84E0-54447AAB53B0}.Release|x86.ActiveCfg = Release|Any CPU
		{4129F8FC-5FFB-40F3-84E0-54447AAB53B0}.Release|x86.Build.0 = Release|Any CPU
		{0537DBA0-AB05-4348-8E5B-9FB2F94EC024}.Ad-Hoc|Any CPU.ActiveCfg = Release|Any CPU
		{0537DBA0-AB05-4348-8E5B-9FB2F94EC024}.Ad-Hoc|Any CPU.Build.0 = Release|Any CPU
		{0537DBA0-AB05-4348-8E5B-9FB2F94EC024}.Ad-Hoc|ARM.ActiveCfg = Release|Any CPU
		{0537DBA0-AB05-4348-8E5B-9FB2F94EC024}.Ad-Hoc|ARM.Build.0 = Release|Any CPU
		{0537DBA0-AB05-4348-8E5B-9FB2F94EC024}.Ad-Hoc|iPhone.ActiveCfg = Release|Any CPU
		{0537DBA0-AB05-4348-8E5B-9FB2F94EC024}.Ad-Hoc|iPhone.Build.0 = Release|Any CPU
		{0537DBA0-AB05-4348-8E5B-9FB2F94EC024}.Ad-Hoc|iPhoneSimulator.ActiveCfg = Release|Any CPU
		{0537DBA0-AB05-4348-8E5B-9FB2F94EC024}.Ad-Hoc|iPhoneSimulator.Build.0 = Release|Any CPU
		{0537DBA0-AB05-4348-8E5B-9FB2F94EC024}.Ad-Hoc|x64.ActiveCfg = Release|Any CPU
		{0537DBA0-AB05-4348-8E5B-9FB2F94EC024}.Ad-Hoc|x64.Build.0 = Release|Any CPU
		{0537DBA0-AB05-4348-8E5B-9FB2F94EC024}.Ad-Hoc|x86.ActiveCfg = Release|Any CPU
		{0537DBA0-AB05-4348-8E5B-9FB2F94EC024}.Ad-Hoc|x86.Build.0 = Release|Any CPU
		{0537DBA0-AB05-4348-8E5B-9FB2F94EC024}.AppStore|Any CPU.ActiveCfg = Release|Any CPU
		{0537DBA0-AB05-4348-8E5B-9FB2F94EC024}.AppStore|Any CPU.Build.0 = Release|Any CPU
		{0537DBA0-AB05-4348-8E5B-9FB2F94EC024}.AppStore|ARM.ActiveCfg = Release|Any CPU
		{0537DBA0-AB05-4348-8E5B-9FB2F94EC024}.AppStore|ARM.Build.0 = Release|Any CPU
		{0537DBA0-AB05-4348-8E5B-9FB2F94EC024}.AppStore|iPhone.ActiveCfg = Release|Any CPU
		{0537DBA0-AB05-4348-8E5B-9FB2F94EC024}.AppStore|iPhone.Build.0 = Release|Any CPU
		{0537DBA0-AB05-4348-8E5B-9FB2F94EC024}.AppStore|iPhoneSimulator.ActiveCfg = Release|Any CPU
		{0537DBA0-AB05-4348-8E5B-9FB2F94EC024}.AppStore|iPhoneSimulator.Build.0 = Release|Any CPU
		{0537DBA0-AB05-4348-8E5B-9FB2F94EC024}.AppStore|x64.ActiveCfg = Release|Any CPU
		{0537DBA0-AB05-4348-8E5B-9FB2F94EC024}.AppStore|x64.Build.0 = Release|Any CPU
		{0537DBA0-AB05-4348-8E5B-9FB2F94EC024}.AppStore|x86.ActiveCfg = Release|Any CPU
		{0537DBA0-AB05-4348-8E5B-9FB2F94EC024}.AppStore|x86.Build.0 = Release|Any CPU
		{0537DBA0-AB05-4348-8E5B-9FB2F94EC024}.Debug|Any CPU.ActiveCfg = Debug|Any CPU
		{0537DBA0-AB05-4348-8E5B-9FB2F94EC024}.Debug|Any CPU.Build.0 = Debug|Any CPU
		{0537DBA0-AB05-4348-8E5B-9FB2F94EC024}.Debug|ARM.ActiveCfg = Debug|Any CPU
		{0537DBA0-AB05-4348-8E5B-9FB2F94EC024}.Debug|ARM.Build.0 = Debug|Any CPU
		{0537DBA0-AB05-4348-8E5B-9FB2F94EC024}.Debug|iPhone.ActiveCfg = Debug|Any CPU
		{0537DBA0-AB05-4348-8E5B-9FB2F94EC024}.Debug|iPhone.Build.0 = Debug|Any CPU
		{0537DBA0-AB05-4348-8E5B-9FB2F94EC024}.Debug|iPhoneSimulator.ActiveCfg = Debug|Any CPU
		{0537DBA0-AB05-4348-8E5B-9FB2F94EC024}.Debug|iPhoneSimulator.Build.0 = Debug|Any CPU
		{0537DBA0-AB05-4348-8E5B-9FB2F94EC024}.Debug|x64.ActiveCfg = Debug|Any CPU
		{0537DBA0-AB05-4348-8E5B-9FB2F94EC024}.Debug|x64.Build.0 = Debug|Any CPU
		{0537DBA0-AB05-4348-8E5B-9FB2F94EC024}.Debug|x86.ActiveCfg = Debug|Any CPU
		{0537DBA0-AB05-4348-8E5B-9FB2F94EC024}.Debug|x86.Build.0 = Debug|Any CPU
		{0537DBA0-AB05-4348-8E5B-9FB2F94EC024}.Release|Any CPU.ActiveCfg = Release|Any CPU
		{0537DBA0-AB05-4348-8E5B-9FB2F94EC024}.Release|Any CPU.Build.0 = Release|Any CPU
		{0537DBA0-AB05-4348-8E5B-9FB2F94EC024}.Release|ARM.ActiveCfg = Release|Any CPU
		{0537DBA0-AB05-4348-8E5B-9FB2F94EC024}.Release|ARM.Build.0 = Release|Any CPU
		{0537DBA0-AB05-4348-8E5B-9FB2F94EC024}.Release|iPhone.ActiveCfg = Release|Any CPU
		{0537DBA0-AB05-4348-8E5B-9FB2F94EC024}.Release|iPhone.Build.0 = Release|Any CPU
		{0537DBA0-AB05-4348-8E5B-9FB2F94EC024}.Release|iPhoneSimulator.ActiveCfg = Release|Any CPU
		{0537DBA0-AB05-4348-8E5B-9FB2F94EC024}.Release|iPhoneSimulator.Build.0 = Release|Any CPU
		{0537DBA0-AB05-4348-8E5B-9FB2F94EC024}.Release|x64.ActiveCfg = Release|Any CPU
		{0537DBA0-AB05-4348-8E5B-9FB2F94EC024}.Release|x64.Build.0 = Release|Any CPU
		{0537DBA0-AB05-4348-8E5B-9FB2F94EC024}.Release|x86.ActiveCfg = Release|Any CPU
		{0537DBA0-AB05-4348-8E5B-9FB2F94EC024}.Release|x86.Build.0 = Release|Any CPU
		{2BC58C3C-BD19-44CF-B221-AF7AFBF4134B}.Ad-Hoc|Any CPU.ActiveCfg = Release|Any CPU
		{2BC58C3C-BD19-44CF-B221-AF7AFBF4134B}.Ad-Hoc|Any CPU.Build.0 = Release|Any CPU
		{2BC58C3C-BD19-44CF-B221-AF7AFBF4134B}.Ad-Hoc|ARM.ActiveCfg = Release|Any CPU
		{2BC58C3C-BD19-44CF-B221-AF7AFBF4134B}.Ad-Hoc|ARM.Build.0 = Release|Any CPU
		{2BC58C3C-BD19-44CF-B221-AF7AFBF4134B}.Ad-Hoc|iPhone.ActiveCfg = Release|Any CPU
		{2BC58C3C-BD19-44CF-B221-AF7AFBF4134B}.Ad-Hoc|iPhone.Build.0 = Release|Any CPU
		{2BC58C3C-BD19-44CF-B221-AF7AFBF4134B}.Ad-Hoc|iPhoneSimulator.ActiveCfg = Release|Any CPU
		{2BC58C3C-BD19-44CF-B221-AF7AFBF4134B}.Ad-Hoc|iPhoneSimulator.Build.0 = Release|Any CPU
		{2BC58C3C-BD19-44CF-B221-AF7AFBF4134B}.Ad-Hoc|x64.ActiveCfg = Release|Any CPU
		{2BC58C3C-BD19-44CF-B221-AF7AFBF4134B}.Ad-Hoc|x64.Build.0 = Release|Any CPU
		{2BC58C3C-BD19-44CF-B221-AF7AFBF4134B}.Ad-Hoc|x86.ActiveCfg = Release|Any CPU
		{2BC58C3C-BD19-44CF-B221-AF7AFBF4134B}.Ad-Hoc|x86.Build.0 = Release|Any CPU
		{2BC58C3C-BD19-44CF-B221-AF7AFBF4134B}.AppStore|Any CPU.ActiveCfg = Release|Any CPU
		{2BC58C3C-BD19-44CF-B221-AF7AFBF4134B}.AppStore|Any CPU.Build.0 = Release|Any CPU
		{2BC58C3C-BD19-44CF-B221-AF7AFBF4134B}.AppStore|ARM.ActiveCfg = Release|Any CPU
		{2BC58C3C-BD19-44CF-B221-AF7AFBF4134B}.AppStore|ARM.Build.0 = Release|Any CPU
		{2BC58C3C-BD19-44CF-B221-AF7AFBF4134B}.AppStore|iPhone.ActiveCfg = Release|Any CPU
		{2BC58C3C-BD19-44CF-B221-AF7AFBF4134B}.AppStore|iPhone.Build.0 = Release|Any CPU
		{2BC58C3C-BD19-44CF-B221-AF7AFBF4134B}.AppStore|iPhoneSimulator.ActiveCfg = Release|Any CPU
		{2BC58C3C-BD19-44CF-B221-AF7AFBF4134B}.AppStore|iPhoneSimulator.Build.0 = Release|Any CPU
		{2BC58C3C-BD19-44CF-B221-AF7AFBF4134B}.AppStore|x64.ActiveCfg = Release|Any CPU
		{2BC58C3C-BD19-44CF-B221-AF7AFBF4134B}.AppStore|x64.Build.0 = Release|Any CPU
		{2BC58C3C-BD19-44CF-B221-AF7AFBF4134B}.AppStore|x86.ActiveCfg = Release|Any CPU
		{2BC58C3C-BD19-44CF-B221-AF7AFBF4134B}.AppStore|x86.Build.0 = Release|Any CPU
		{2BC58C3C-BD19-44CF-B221-AF7AFBF4134B}.Debug|Any CPU.ActiveCfg = Debug|Any CPU
		{2BC58C3C-BD19-44CF-B221-AF7AFBF4134B}.Debug|Any CPU.Build.0 = Debug|Any CPU
		{2BC58C3C-BD19-44CF-B221-AF7AFBF4134B}.Debug|ARM.ActiveCfg = Debug|Any CPU
		{2BC58C3C-BD19-44CF-B221-AF7AFBF4134B}.Debug|ARM.Build.0 = Debug|Any CPU
		{2BC58C3C-BD19-44CF-B221-AF7AFBF4134B}.Debug|iPhone.ActiveCfg = Debug|Any CPU
		{2BC58C3C-BD19-44CF-B221-AF7AFBF4134B}.Debug|iPhone.Build.0 = Debug|Any CPU
		{2BC58C3C-BD19-44CF-B221-AF7AFBF4134B}.Debug|iPhoneSimulator.ActiveCfg = Debug|Any CPU
		{2BC58C3C-BD19-44CF-B221-AF7AFBF4134B}.Debug|iPhoneSimulator.Build.0 = Debug|Any CPU
		{2BC58C3C-BD19-44CF-B221-AF7AFBF4134B}.Debug|x64.ActiveCfg = Debug|Any CPU
		{2BC58C3C-BD19-44CF-B221-AF7AFBF4134B}.Debug|x64.Build.0 = Debug|Any CPU
		{2BC58C3C-BD19-44CF-B221-AF7AFBF4134B}.Debug|x86.ActiveCfg = Debug|Any CPU
		{2BC58C3C-BD19-44CF-B221-AF7AFBF4134B}.Debug|x86.Build.0 = Debug|Any CPU
		{2BC58C3C-BD19-44CF-B221-AF7AFBF4134B}.Release|Any CPU.ActiveCfg = Release|Any CPU
		{2BC58C3C-BD19-44CF-B221-AF7AFBF4134B}.Release|Any CPU.Build.0 = Release|Any CPU
		{2BC58C3C-BD19-44CF-B221-AF7AFBF4134B}.Release|ARM.ActiveCfg = Release|Any CPU
		{2BC58C3C-BD19-44CF-B221-AF7AFBF4134B}.Release|ARM.Build.0 = Release|Any CPU
		{2BC58C3C-BD19-44CF-B221-AF7AFBF4134B}.Release|iPhone.ActiveCfg = Release|Any CPU
		{2BC58C3C-BD19-44CF-B221-AF7AFBF4134B}.Release|iPhone.Build.0 = Release|Any CPU
		{2BC58C3C-BD19-44CF-B221-AF7AFBF4134B}.Release|iPhoneSimulator.ActiveCfg = Release|Any CPU
		{2BC58C3C-BD19-44CF-B221-AF7AFBF4134B}.Release|iPhoneSimulator.Build.0 = Release|Any CPU
		{2BC58C3C-BD19-44CF-B221-AF7AFBF4134B}.Release|x64.ActiveCfg = Release|Any CPU
		{2BC58C3C-BD19-44CF-B221-AF7AFBF4134B}.Release|x64.Build.0 = Release|Any CPU
		{2BC58C3C-BD19-44CF-B221-AF7AFBF4134B}.Release|x86.ActiveCfg = Release|Any CPU
		{2BC58C3C-BD19-44CF-B221-AF7AFBF4134B}.Release|x86.Build.0 = Release|Any CPU
		{55DA7CEA-2118-4F48-B5A4-1D5A10DE6669}.Ad-Hoc|Any CPU.ActiveCfg = Release|Any CPU
		{55DA7CEA-2118-4F48-B5A4-1D5A10DE6669}.Ad-Hoc|Any CPU.Build.0 = Release|Any CPU
		{55DA7CEA-2118-4F48-B5A4-1D5A10DE6669}.Ad-Hoc|ARM.ActiveCfg = Release|Any CPU
		{55DA7CEA-2118-4F48-B5A4-1D5A10DE6669}.Ad-Hoc|ARM.Build.0 = Release|Any CPU
		{55DA7CEA-2118-4F48-B5A4-1D5A10DE6669}.Ad-Hoc|iPhone.ActiveCfg = Release|Any CPU
		{55DA7CEA-2118-4F48-B5A4-1D5A10DE6669}.Ad-Hoc|iPhone.Build.0 = Release|Any CPU
		{55DA7CEA-2118-4F48-B5A4-1D5A10DE6669}.Ad-Hoc|iPhoneSimulator.ActiveCfg = Release|Any CPU
		{55DA7CEA-2118-4F48-B5A4-1D5A10DE6669}.Ad-Hoc|iPhoneSimulator.Build.0 = Release|Any CPU
		{55DA7CEA-2118-4F48-B5A4-1D5A10DE6669}.Ad-Hoc|x64.ActiveCfg = Release|Any CPU
		{55DA7CEA-2118-4F48-B5A4-1D5A10DE6669}.Ad-Hoc|x64.Build.0 = Release|Any CPU
		{55DA7CEA-2118-4F48-B5A4-1D5A10DE6669}.Ad-Hoc|x86.ActiveCfg = Release|Any CPU
		{55DA7CEA-2118-4F48-B5A4-1D5A10DE6669}.Ad-Hoc|x86.Build.0 = Release|Any CPU
		{55DA7CEA-2118-4F48-B5A4-1D5A10DE6669}.AppStore|Any CPU.ActiveCfg = Release|Any CPU
		{55DA7CEA-2118-4F48-B5A4-1D5A10DE6669}.AppStore|Any CPU.Build.0 = Release|Any CPU
		{55DA7CEA-2118-4F48-B5A4-1D5A10DE6669}.AppStore|ARM.ActiveCfg = Release|Any CPU
		{55DA7CEA-2118-4F48-B5A4-1D5A10DE6669}.AppStore|ARM.Build.0 = Release|Any CPU
		{55DA7CEA-2118-4F48-B5A4-1D5A10DE6669}.AppStore|iPhone.ActiveCfg = Release|Any CPU
		{55DA7CEA-2118-4F48-B5A4-1D5A10DE6669}.AppStore|iPhone.Build.0 = Release|Any CPU
		{55DA7CEA-2118-4F48-B5A4-1D5A10DE6669}.AppStore|iPhoneSimulator.ActiveCfg = Release|Any CPU
		{55DA7CEA-2118-4F48-B5A4-1D5A10DE6669}.AppStore|iPhoneSimulator.Build.0 = Release|Any CPU
		{55DA7CEA-2118-4F48-B5A4-1D5A10DE6669}.AppStore|x64.ActiveCfg = Release|Any CPU
		{55DA7CEA-2118-4F48-B5A4-1D5A10DE6669}.AppStore|x64.Build.0 = Release|Any CPU
		{55DA7CEA-2118-4F48-B5A4-1D5A10DE6669}.AppStore|x86.ActiveCfg = Release|Any CPU
		{55DA7CEA-2118-4F48-B5A4-1D5A10DE6669}.AppStore|x86.Build.0 = Release|Any CPU
		{55DA7CEA-2118-4F48-B5A4-1D5A10DE6669}.Debug|Any CPU.ActiveCfg = Debug|Any CPU
		{55DA7CEA-2118-4F48-B5A4-1D5A10DE6669}.Debug|Any CPU.Build.0 = Debug|Any CPU
		{55DA7CEA-2118-4F48-B5A4-1D5A10DE6669}.Debug|ARM.ActiveCfg = Debug|Any CPU
		{55DA7CEA-2118-4F48-B5A4-1D5A10DE6669}.Debug|ARM.Build.0 = Debug|Any CPU
		{55DA7CEA-2118-4F48-B5A4-1D5A10DE6669}.Debug|iPhone.ActiveCfg = Debug|Any CPU
		{55DA7CEA-2118-4F48-B5A4-1D5A10DE6669}.Debug|iPhone.Build.0 = Debug|Any CPU
		{55DA7CEA-2118-4F48-B5A4-1D5A10DE6669}.Debug|iPhoneSimulator.ActiveCfg = Debug|Any CPU
		{55DA7CEA-2118-4F48-B5A4-1D5A10DE6669}.Debug|iPhoneSimulator.Build.0 = Debug|Any CPU
		{55DA7CEA-2118-4F48-B5A4-1D5A10DE6669}.Debug|x64.ActiveCfg = Debug|Any CPU
		{55DA7CEA-2118-4F48-B5A4-1D5A10DE6669}.Debug|x64.Build.0 = Debug|Any CPU
		{55DA7CEA-2118-4F48-B5A4-1D5A10DE6669}.Debug|x86.ActiveCfg = Debug|Any CPU
		{55DA7CEA-2118-4F48-B5A4-1D5A10DE6669}.Debug|x86.Build.0 = Debug|Any CPU
		{55DA7CEA-2118-4F48-B5A4-1D5A10DE6669}.Release|Any CPU.ActiveCfg = Release|Any CPU
		{55DA7CEA-2118-4F48-B5A4-1D5A10DE6669}.Release|Any CPU.Build.0 = Release|Any CPU
		{55DA7CEA-2118-4F48-B5A4-1D5A10DE6669}.Release|ARM.ActiveCfg = Release|Any CPU
		{55DA7CEA-2118-4F48-B5A4-1D5A10DE6669}.Release|ARM.Build.0 = Release|Any CPU
		{55DA7CEA-2118-4F48-B5A4-1D5A10DE6669}.Release|iPhone.ActiveCfg = Release|Any CPU
		{55DA7CEA-2118-4F48-B5A4-1D5A10DE6669}.Release|iPhone.Build.0 = Release|Any CPU
		{55DA7CEA-2118-4F48-B5A4-1D5A10DE6669}.Release|iPhoneSimulator.ActiveCfg = Release|Any CPU
		{55DA7CEA-2118-4F48-B5A4-1D5A10DE6669}.Release|iPhoneSimulator.Build.0 = Release|Any CPU
		{55DA7CEA-2118-4F48-B5A4-1D5A10DE6669}.Release|x64.ActiveCfg = Release|Any CPU
		{55DA7CEA-2118-4F48-B5A4-1D5A10DE6669}.Release|x64.Build.0 = Release|Any CPU
		{55DA7CEA-2118-4F48-B5A4-1D5A10DE6669}.Release|x86.ActiveCfg = Release|Any CPU
		{55DA7CEA-2118-4F48-B5A4-1D5A10DE6669}.Release|x86.Build.0 = Release|Any CPU
		{A733C9F3-8BBD-4009-BF73-ECAAD376C992}.Ad-Hoc|Any CPU.ActiveCfg = Release|Any CPU
		{A733C9F3-8BBD-4009-BF73-ECAAD376C992}.Ad-Hoc|Any CPU.Build.0 = Release|Any CPU
		{A733C9F3-8BBD-4009-BF73-ECAAD376C992}.Ad-Hoc|ARM.ActiveCfg = Release|Any CPU
		{A733C9F3-8BBD-4009-BF73-ECAAD376C992}.Ad-Hoc|ARM.Build.0 = Release|Any CPU
		{A733C9F3-8BBD-4009-BF73-ECAAD376C992}.Ad-Hoc|iPhone.ActiveCfg = Release|Any CPU
		{A733C9F3-8BBD-4009-BF73-ECAAD376C992}.Ad-Hoc|iPhone.Build.0 = Release|Any CPU
		{A733C9F3-8BBD-4009-BF73-ECAAD376C992}.Ad-Hoc|iPhoneSimulator.ActiveCfg = Release|Any CPU
		{A733C9F3-8BBD-4009-BF73-ECAAD376C992}.Ad-Hoc|iPhoneSimulator.Build.0 = Release|Any CPU
		{A733C9F3-8BBD-4009-BF73-ECAAD376C992}.Ad-Hoc|x64.ActiveCfg = Release|Any CPU
		{A733C9F3-8BBD-4009-BF73-ECAAD376C992}.Ad-Hoc|x64.Build.0 = Release|Any CPU
		{A733C9F3-8BBD-4009-BF73-ECAAD376C992}.Ad-Hoc|x86.ActiveCfg = Release|Any CPU
		{A733C9F3-8BBD-4009-BF73-ECAAD376C992}.Ad-Hoc|x86.Build.0 = Release|Any CPU
		{A733C9F3-8BBD-4009-BF73-ECAAD376C992}.AppStore|Any CPU.ActiveCfg = Release|Any CPU
		{A733C9F3-8BBD-4009-BF73-ECAAD376C992}.AppStore|Any CPU.Build.0 = Release|Any CPU
		{A733C9F3-8BBD-4009-BF73-ECAAD376C992}.AppStore|ARM.ActiveCfg = Release|Any CPU
		{A733C9F3-8BBD-4009-BF73-ECAAD376C992}.AppStore|ARM.Build.0 = Release|Any CPU
		{A733C9F3-8BBD-4009-BF73-ECAAD376C992}.AppStore|iPhone.ActiveCfg = Release|Any CPU
		{A733C9F3-8BBD-4009-BF73-ECAAD376C992}.AppStore|iPhone.Build.0 = Release|Any CPU
		{A733C9F3-8BBD-4009-BF73-ECAAD376C992}.AppStore|iPhoneSimulator.ActiveCfg = Release|Any CPU
		{A733C9F3-8BBD-4009-BF73-ECAAD376C992}.AppStore|iPhoneSimulator.Build.0 = Release|Any CPU
		{A733C9F3-8BBD-4009-BF73-ECAAD376C992}.AppStore|x64.ActiveCfg = Release|Any CPU
		{A733C9F3-8BBD-4009-BF73-ECAAD376C992}.AppStore|x64.Build.0 = Release|Any CPU
		{A733C9F3-8BBD-4009-BF73-ECAAD376C992}.AppStore|x86.ActiveCfg = Release|Any CPU
		{A733C9F3-8BBD-4009-BF73-ECAAD376C992}.AppStore|x86.Build.0 = Release|Any CPU
		{A733C9F3-8BBD-4009-BF73-ECAAD376C992}.Debug|Any CPU.ActiveCfg = Debug|Any CPU
		{A733C9F3-8BBD-4009-BF73-ECAAD376C992}.Debug|Any CPU.Build.0 = Debug|Any CPU
		{A733C9F3-8BBD-4009-BF73-ECAAD376C992}.Debug|ARM.ActiveCfg = Debug|Any CPU
		{A733C9F3-8BBD-4009-BF73-ECAAD376C992}.Debug|ARM.Build.0 = Debug|Any CPU
		{A733C9F3-8BBD-4009-BF73-ECAAD376C992}.Debug|iPhone.ActiveCfg = Debug|Any CPU
		{A733C9F3-8BBD-4009-BF73-ECAAD376C992}.Debug|iPhone.Build.0 = Debug|Any CPU
		{A733C9F3-8BBD-4009-BF73-ECAAD376C992}.Debug|iPhoneSimulator.ActiveCfg = Debug|Any CPU
		{A733C9F3-8BBD-4009-BF73-ECAAD376C992}.Debug|iPhoneSimulator.Build.0 = Debug|Any CPU
		{A733C9F3-8BBD-4009-BF73-ECAAD376C992}.Debug|x64.ActiveCfg = Debug|Any CPU
		{A733C9F3-8BBD-4009-BF73-ECAAD376C992}.Debug|x64.Build.0 = Debug|Any CPU
		{A733C9F3-8BBD-4009-BF73-ECAAD376C992}.Debug|x86.ActiveCfg = Debug|Any CPU
		{A733C9F3-8BBD-4009-BF73-ECAAD376C992}.Debug|x86.Build.0 = Debug|Any CPU
		{A733C9F3-8BBD-4009-BF73-ECAAD376C992}.Release|Any CPU.ActiveCfg = Release|Any CPU
		{A733C9F3-8BBD-4009-BF73-ECAAD376C992}.Release|Any CPU.Build.0 = Release|Any CPU
		{A733C9F3-8BBD-4009-BF73-ECAAD376C992}.Release|ARM.ActiveCfg = Release|Any CPU
		{A733C9F3-8BBD-4009-BF73-ECAAD376C992}.Release|ARM.Build.0 = Release|Any CPU
		{A733C9F3-8BBD-4009-BF73-ECAAD376C992}.Release|iPhone.ActiveCfg = Release|Any CPU
		{A733C9F3-8BBD-4009-BF73-ECAAD376C992}.Release|iPhone.Build.0 = Release|Any CPU
		{A733C9F3-8BBD-4009-BF73-ECAAD376C992}.Release|iPhoneSimulator.ActiveCfg = Release|Any CPU
		{A733C9F3-8BBD-4009-BF73-ECAAD376C992}.Release|iPhoneSimulator.Build.0 = Release|Any CPU
		{A733C9F3-8BBD-4009-BF73-ECAAD376C992}.Release|x64.ActiveCfg = Release|Any CPU
		{A733C9F3-8BBD-4009-BF73-ECAAD376C992}.Release|x64.Build.0 = Release|Any CPU
		{A733C9F3-8BBD-4009-BF73-ECAAD376C992}.Release|x86.ActiveCfg = Release|Any CPU
		{A733C9F3-8BBD-4009-BF73-ECAAD376C992}.Release|x86.Build.0 = Release|Any CPU
	EndGlobalSection
	GlobalSection(SolutionProperties) = preSolution
		HideSolutionNode = FALSE
	EndGlobalSection
	GlobalSection(ExtensibilityGlobals) = postSolution
		SolutionGuid = {BDD91A60-8591-4123-8E26-2A56286DD6B8}
	EndGlobalSection
EndGlobal
